{
  "name": "birthdays",
  "lockfileVersion": 2,
  "requires": true,
  "packages": {
    "": {
      "dependencies": {
        "csv": "^6.0.5",
        "csv-parse": "^5.0.4",
        "fs": "^0.0.1-security",
        "prompt-sync": "^4.2.0"
      }
    },
    "node_modules/csv": {
      "version": "6.0.5",
      "resolved": "https://registry.npmjs.org/csv/-/csv-6.0.5.tgz",
      "integrity": "sha512-VyII851P4BvzMsXenhtR7g3mARmZ3HvBX16PD85E8IOoxyvNT9e74egbfdkYBj5SGHh1LphCWXeQvskijH+kfg==",
      "dependencies": {
        "csv-generate": "^4.0.4",
        "csv-parse": "^5.0.4",
        "csv-stringify": "^6.0.5",
        "stream-transform": "^3.0.4"
      },
      "engines": {
        "node": ">= 0.1.90"
      }
    },
    "node_modules/csv-generate": {
      "version": "4.0.4",
      "resolved": "https://registry.npmjs.org/csv-generate/-/csv-generate-4.0.4.tgz",
      "integrity": "sha512-6/0FOBbF4O+EBSAYsfOXBjIFhyPpfeeeuWEM4XJQhc/6TvDDL9AGFQNPh2SKlFx7VYERBDmZAWnITgaa+z4BJA=="
    },
    "node_modules/csv-parse": {
      "version": "5.0.4",
      "resolved": "https://registry.npmjs.org/csv-parse/-/csv-parse-5.0.4.tgz",
      "integrity": "sha512-5AIdl8l6n3iYQYxan5djB5eKDa+vBnhfWZtRpJTcrETWfVLYN0WSj3L9RwvgYt+psoO77juUr8TG8qpfGZifVQ=="
    },
    "node_modules/csv-stringify": {
      "version": "6.0.5",
      "resolved": "https://registry.npmjs.org/csv-stringify/-/csv-stringify-6.0.5.tgz",
      "integrity": "sha512-7xpV3uweJCFF/Ssn56l3xsR/k2r3UqszwjEhej9qEn2cCPzyK1WyHCgoUVzBA792x8HbwonNX7CU9XM2K5s5yw=="
    },
    "node_modules/fs": {
      "version": "0.0.1-security",
      "resolved": "https://registry.npmjs.org/fs/-/fs-0.0.1-security.tgz",
      "integrity": "sha1-invTcYa23d84E/I4WLV+yq9eQdQ="
    },
    "node_modules/prompt-sync": {
      "version": "4.2.0",
      "resolved": "https://registry.npmjs.org/prompt-sync/-/prompt-sync-4.2.0.tgz",
      "integrity": "sha512-BuEzzc5zptP5LsgV5MZETjDaKSWfchl5U9Luiu8SKp7iZWD5tZalOxvNcZRwv+d2phNFr8xlbxmFNcRKfJOzJw==",
      "dependencies": {
        "strip-ansi": "^5.0.0"
      }
    },
    "node_modules/prompt-sync/node_modules/ansi-regex": {
      "version": "4.1.1",
      "resolved": "https://registry.npmjs.org/ansi-regex/-/ansi-regex-4.1.1.tgz",
      "integrity": "sha512-ILlv4k/3f6vfQ4OoP2AGvirOktlQ98ZEL1k9FaQjxa3L1abBgbuTDAdPOpvbGncC0BTVQrl+OM8xZGK6tWXt7g==",
      "engines": {
        "node": ">=6"
      }
    },
    "node_modules/prompt-sync/node_modules/strip-ansi": {
      "version": "5.2.0",
      "resolved": "https://registry.npmjs.org/strip-ansi/-/strip-ansi-5.2.0.tgz",
      "integrity": "sha512-DuRs1gKbBqsMKIZlrffwlug8MHkcnpjs5VPmL1PAh+mA30U0DTotfDZ0d2UUsXpPmPmMMJ6W773MaA3J+lbiWA==",
      "dependencies": {
        "ansi-regex": "^4.1.0"
      },
      "engines": {
        "node": ">=6"
      }
    },
    "node_modules/stream-transform": {
      "version": "3.0.4",
      "resolved": "https://registry.npmjs.org/stream-transform/-/stream-transform-3.0.4.tgz",
      "integrity": "sha512-g2jbk1hs3GiF3oHZLbR7Fph/PXh/3xHoz/D8aR2oHySE4xVUvNeTGqihhb1vxFjYyu4inqiTfT42g2MHBjjx0g=="
    }
  },
  "dependencies": {
    "csv": {
      "version": "6.0.5",
      "resolved": "https://registry.npmjs.org/csv/-/csv-6.0.5.tgz",
      "integrity": "sha512-VyII851P4BvzMsXenhtR7g3mARmZ3HvBX16PD85E8IOoxyvNT9e74egbfdkYBj5SGHh1LphCWXeQvskijH+kfg==",
      "requires": {
        "csv-generate": "^4.0.4",
        "csv-parse": "^5.0.4",
        "csv-stringify": "^6.0.5",
        "stream-transform": "^3.0.4"
      }
    },
    "csv-generate": {
      "version": "4.0.4",
      "resolved": "https://registry.npmjs.org/csv-generate/-/csv-generate-4.0.4.tgz",
      "integrity": "sha512-6/0FOBbF4O+EBSAYsfOXBjIFhyPpfeeeuWEM4XJQhc/6TvDDL9AGFQNPh2SKlFx7VYERBDmZAWnITgaa+z4BJA=="
    },
    "csv-parse": {
      "version": "5.0.4",
      "resolved": "https://registry.npmjs.org/csv-parse/-/csv-parse-5.0.4.tgz",
      "integrity": "sha512-5AIdl8l6n3iYQYxan5djB5eKDa+vBnhfWZtRpJTcrETWfVLYN0WSj3L9RwvgYt+psoO77juUr8TG8qpfGZifVQ=="
    },
    "csv-stringify": {
      "version": "6.0.5",
      "resolved": "https://registry.npmjs.org/csv-stringify/-/csv-stringify-6.0.5.tgz",
      "integrity": "sha512-7xpV3uweJCFF/Ssn56l3xsR/k2r3UqszwjEhej9qEn2cCPzyK1WyHCgoUVzBA792x8HbwonNX7CU9XM2K5s5yw=="
    },
    "fs": {
      "version": "0.0.1-security",
      "resolved": "https://registry.npmjs.org/fs/-/fs-0.0.1-security.tgz",
      "integrity": "sha1-invTcYa23d84E/I4WLV+yq9eQdQ="
    },
    "prompt-sync": {
      "version": "4.2.0",
      "resolved": "https://registry.npmjs.org/prompt-sync/-/prompt-sync-4.2.0.tgz",
      "integrity": "sha512-BuEzzc5zptP5LsgV5MZETjDaKSWfchl5U9Luiu8SKp7iZWD5tZalOxvNcZRwv+d2phNFr8xlbxmFNcRKfJOzJw==",
      "requires": {
        "strip-ansi": "^5.0.0"
      },
      "dependencies": {
        "ansi-regex": {
          "version": "4.1.1",
          "resolved": "https://registry.npmjs.org/ansi-regex/-/ansi-regex-4.1.1.tgz",
          "integrity": "sha512-ILlv4k/3f6vfQ4OoP2AGvirOktlQ98ZEL1k9FaQjxa3L1abBgbuTDAdPOpvbGncC0BTVQrl+OM8xZGK6tWXt7g=="
        },
        "strip-ansi": {
          "version": "5.2.0",
          "resolved": "https://registry.npmjs.org/strip-ansi/-/strip-ansi-5.2.0.tgz",
          "integrity": "sha512-DuRs1gKbBqsMKIZlrffwlug8MHkcnpjs5VPmL1PAh+mA30U0DTotfDZ0d2UUsXpPmPmMMJ6W773MaA3J+lbiWA==",
          "requires": {
            "ansi-regex": "^4.1.0"
          }
        }
      }
    },
    "stream-transform": {
      "version": "3.0.4",
      "resolved": "https://registry.npmjs.org/stream-transform/-/stream-transform-3.0.4.tgz",
      "integrity": "sha512-g2jbk1hs3GiF3oHZLbR7Fph/PXh/3xHoz/D8aR2oHySE4xVUvNeTGqihhb1vxFjYyu4inqiTfT42g2MHBjjx0g=="
    }
  }
}
